// !$*UTF8*$!
{
	archiveVersion = 1;
	classes = {
	};
	objectVersion = 55;
	objects = {

/* Begin PBXBuildFile section */
		4F42A32028C7C7E500B6C482 /* TabBarViewController.swift in Sources */ = {isa = PBXBuildFile; fileRef = 4F42A31F28C7C7E500B6C482 /* TabBarViewController.swift */; };
		4F42A32228C7C7FC00B6C482 /* ListViewController.swift in Sources */ = {isa = PBXBuildFile; fileRef = 4F42A32128C7C7FC00B6C482 /* ListViewController.swift */; };
		4F42A32428C7C80900B6C482 /* UsersViewController.swift in Sources */ = {isa = PBXBuildFile; fileRef = 4F42A32328C7C80900B6C482 /* UsersViewController.swift */; };
		4F42A32628C7DF2C00B6C482 /* SettingsViewController.swift in Sources */ = {isa = PBXBuildFile; fileRef = 4F42A32528C7DF2C00B6C482 /* SettingsViewController.swift */; };
		4F58DFA128C547330066A255 /* ButtonView.swift in Sources */ = {isa = PBXBuildFile; fileRef = 4F58DFA028C547330066A255 /* ButtonView.swift */; };
		4F58DFA328C548020066A255 /* OneTextFieldView.swift in Sources */ = {isa = PBXBuildFile; fileRef = 4F58DFA228C548020066A255 /* OneTextFieldView.swift */; };
		4F58DFA528C5481D0066A255 /* AddPhotoView.swift in Sources */ = {isa = PBXBuildFile; fileRef = 4F58DFA428C5481D0066A255 /* AddPhotoView.swift */; };
		4F58DFA728C5563F0066A255 /* RegistrationViewController.swift in Sources */ = {isa = PBXBuildFile; fileRef = 4F58DFA628C5563F0066A255 /* RegistrationViewController.swift */; };
		4F5B9EF628CB72BE00E37452 /* UserInfoViewController.swift in Sources */ = {isa = PBXBuildFile; fileRef = 4F5B9EF528CB72BE00E37452 /* UserInfoViewController.swift */; };
		4F5B9EF828CB9F1A00E37452 /* UIColor + Extension.swift in Sources */ = {isa = PBXBuildFile; fileRef = 4F5B9EF728CB9F1A00E37452 /* UIColor + Extension.swift */; };
		4F9FFBDE28C6236A00A3C98B /* SingInViewController.swift in Sources */ = {isa = PBXBuildFile; fileRef = 4F9FFBDD28C6236A00A3C98B /* SingInViewController.swift */; };
		4FADA60928C4BB2F00B17FC4 /* AppDelegate.swift in Sources */ = {isa = PBXBuildFile; fileRef = 4FADA60828C4BB2F00B17FC4 /* AppDelegate.swift */; };
		4FADA60B28C4BB2F00B17FC4 /* SceneDelegate.swift in Sources */ = {isa = PBXBuildFile; fileRef = 4FADA60A28C4BB2F00B17FC4 /* SceneDelegate.swift */; };
		4FADA60D28C4BB2F00B17FC4 /* AuthViewController.swift in Sources */ = {isa = PBXBuildFile; fileRef = 4FADA60C28C4BB2F00B17FC4 /* AuthViewController.swift */; };
		4FADA61228C4BB2F00B17FC4 /* Assets.xcassets in Resources */ = {isa = PBXBuildFile; fileRef = 4FADA61128C4BB2F00B17FC4 /* Assets.xcassets */; };
		4FADA61528C4BB2F00B17FC4 /* LaunchScreen.storyboard in Resources */ = {isa = PBXBuildFile; fileRef = 4FADA61328C4BB2F00B17FC4 /* LaunchScreen.storyboard */; };
		4FADA62128C4BEE600B17FC4 /* UILabel + Extension.swift in Sources */ = {isa = PBXBuildFile; fileRef = 4FADA62028C4BEE600B17FC4 /* UILabel + Extension.swift */; };
		4FADA62528C4BF3600B17FC4 /* UIFont + Extension.swift in Sources */ = {isa = PBXBuildFile; fileRef = 4FADA62428C4BF3600B17FC4 /* UIFont + Extension.swift */; };
		4FADA62728C4BFA800B17FC4 /* UIButton + Extension.swift in Sources */ = {isa = PBXBuildFile; fileRef = 4FADA62628C4BFA800B17FC4 /* UIButton + Extension.swift */; };
		4FADA62928C4C2CC00B17FC4 /* UIStackView + Extensions.swift in Sources */ = {isa = PBXBuildFile; fileRef = 4FADA62828C4C2CC00B17FC4 /* UIStackView + Extensions.swift */; };
		4FADA62B28C4C3DC00B17FC4 /* UIImageView + Extension.swift in Sources */ = {isa = PBXBuildFile; fileRef = 4FADA62A28C4C3DC00B17FC4 /* UIImageView + Extension.swift */; };
		4FADA62D28C4C44400B17FC4 /* UISegmentedControl + Extension.swift in Sources */ = {isa = PBXBuildFile; fileRef = 4FADA62C28C4C44400B17FC4 /* UISegmentedControl + Extension.swift */; };
		4FB5416228CE279200F4D143 /* AuthService.swift in Sources */ = {isa = PBXBuildFile; fileRef = 4FB5416128CE279200F4D143 /* AuthService.swift */; };
		4FB5416728CE35C400F4D143 /* GoogleService-Info.plist in Resources */ = {isa = PBXBuildFile; fileRef = 4FB5416628CE35C400F4D143 /* GoogleService-Info.plist */; };
		4FC764DE28D35E760049E30E /* UIAlert.swift in Sources */ = {isa = PBXBuildFile; fileRef = 4FC764DD28D35E760049E30E /* UIAlert.swift */; };
		EB2079FA2D419041ABCECA52 /* Pods_JoinMe.framework in Frameworks */ = {isa = PBXBuildFile; fileRef = B82AA1E05825AA33CE4DD47C /* Pods_JoinMe.framework */; };
/* End PBXBuildFile section */

/* Begin PBXFileReference section */
		196982402482994544BA6E49 /* Pods-JoinMe.debug.xcconfig */ = {isa = PBXFileReference; includeInIndex = 1; lastKnownFileType = text.xcconfig; name = "Pods-JoinMe.debug.xcconfig"; path = "Target Support Files/Pods-JoinMe/Pods-JoinMe.debug.xcconfig"; sourceTree = "<group>"; };
		4F42A31F28C7C7E500B6C482 /* TabBarViewController.swift */ = {isa = PBXFileReference; lastKnownFileType = sourcecode.swift; path = TabBarViewController.swift; sourceTree = "<group>"; };
		4F42A32128C7C7FC00B6C482 /* ListViewController.swift */ = {isa = PBXFileReference; lastKnownFileType = sourcecode.swift; path = ListViewController.swift; sourceTree = "<group>"; };
		4F42A32328C7C80900B6C482 /* UsersViewController.swift */ = {isa = PBXFileReference; lastKnownFileType = sourcecode.swift; path = UsersViewController.swift; sourceTree = "<group>"; };
		4F42A32528C7DF2C00B6C482 /* SettingsViewController.swift */ = {isa = PBXFileReference; lastKnownFileType = sourcecode.swift; path = SettingsViewController.swift; sourceTree = "<group>"; };
		4F58DFA028C547330066A255 /* ButtonView.swift */ = {isa = PBXFileReference; lastKnownFileType = sourcecode.swift; path = ButtonView.swift; sourceTree = "<group>"; };
		4F58DFA228C548020066A255 /* OneTextFieldView.swift */ = {isa = PBXFileReference; lastKnownFileType = sourcecode.swift; path = OneTextFieldView.swift; sourceTree = "<group>"; };
		4F58DFA428C5481D0066A255 /* AddPhotoView.swift */ = {isa = PBXFileReference; lastKnownFileType = sourcecode.swift; path = AddPhotoView.swift; sourceTree = "<group>"; };
		4F58DFA628C5563F0066A255 /* RegistrationViewController.swift */ = {isa = PBXFileReference; lastKnownFileType = sourcecode.swift; path = RegistrationViewController.swift; sourceTree = "<group>"; };
		4F5B9EF528CB72BE00E37452 /* UserInfoViewController.swift */ = {isa = PBXFileReference; lastKnownFileType = sourcecode.swift; path = UserInfoViewController.swift; sourceTree = "<group>"; };
		4F5B9EF728CB9F1A00E37452 /* UIColor + Extension.swift */ = {isa = PBXFileReference; lastKnownFileType = sourcecode.swift; path = "UIColor + Extension.swift"; sourceTree = "<group>"; };
		4F9FFBDD28C6236A00A3C98B /* SingInViewController.swift */ = {isa = PBXFileReference; lastKnownFileType = sourcecode.swift; path = SingInViewController.swift; sourceTree = "<group>"; };
		4FADA60528C4BB2F00B17FC4 /* JoinMe.app */ = {isa = PBXFileReference; explicitFileType = wrapper.application; includeInIndex = 0; path = JoinMe.app; sourceTree = BUILT_PRODUCTS_DIR; };
		4FADA60828C4BB2F00B17FC4 /* AppDelegate.swift */ = {isa = PBXFileReference; lastKnownFileType = sourcecode.swift; path = AppDelegate.swift; sourceTree = "<group>"; };
		4FADA60A28C4BB2F00B17FC4 /* SceneDelegate.swift */ = {isa = PBXFileReference; lastKnownFileType = sourcecode.swift; path = SceneDelegate.swift; sourceTree = "<group>"; };
		4FADA60C28C4BB2F00B17FC4 /* AuthViewController.swift */ = {isa = PBXFileReference; lastKnownFileType = sourcecode.swift; path = AuthViewController.swift; sourceTree = "<group>"; };
		4FADA61128C4BB2F00B17FC4 /* Assets.xcassets */ = {isa = PBXFileReference; lastKnownFileType = folder.assetcatalog; path = Assets.xcassets; sourceTree = "<group>"; };
		4FADA61428C4BB2F00B17FC4 /* Base */ = {isa = PBXFileReference; lastKnownFileType = file.storyboard; name = Base; path = Base.lproj/LaunchScreen.storyboard; sourceTree = "<group>"; };
		4FADA61628C4BB2F00B17FC4 /* Info.plist */ = {isa = PBXFileReference; lastKnownFileType = text.plist.xml; path = Info.plist; sourceTree = "<group>"; };
		4FADA62028C4BEE600B17FC4 /* UILabel + Extension.swift */ = {isa = PBXFileReference; lastKnownFileType = sourcecode.swift; path = "UILabel + Extension.swift"; sourceTree = "<group>"; };
		4FADA62428C4BF3600B17FC4 /* UIFont + Extension.swift */ = {isa = PBXFileReference; lastKnownFileType = sourcecode.swift; path = "UIFont + Extension.swift"; sourceTree = "<group>"; };
		4FADA62628C4BFA800B17FC4 /* UIButton + Extension.swift */ = {isa = PBXFileReference; lastKnownFileType = sourcecode.swift; path = "UIButton + Extension.swift"; sourceTree = "<group>"; };
		4FADA62828C4C2CC00B17FC4 /* UIStackView + Extensions.swift */ = {isa = PBXFileReference; lastKnownFileType = sourcecode.swift; path = "UIStackView + Extensions.swift"; sourceTree = "<group>"; };
		4FADA62A28C4C3DC00B17FC4 /* UIImageView + Extension.swift */ = {isa = PBXFileReference; lastKnownFileType = sourcecode.swift; path = "UIImageView + Extension.swift"; sourceTree = "<group>"; };
		4FADA62C28C4C44400B17FC4 /* UISegmentedControl + Extension.swift */ = {isa = PBXFileReference; lastKnownFileType = sourcecode.swift; path = "UISegmentedControl + Extension.swift"; sourceTree = "<group>"; };
		4FB5416128CE279200F4D143 /* AuthService.swift */ = {isa = PBXFileReference; lastKnownFileType = sourcecode.swift; path = AuthService.swift; sourceTree = "<group>"; };
		4FB5416628CE35C400F4D143 /* GoogleService-Info.plist */ = {isa = PBXFileReference; fileEncoding = 4; lastKnownFileType = text.plist.xml; path = "GoogleService-Info.plist"; sourceTree = "<group>"; };
		4FC764DD28D35E760049E30E /* UIAlert.swift */ = {isa = PBXFileReference; lastKnownFileType = sourcecode.swift; path = UIAlert.swift; sourceTree = "<group>"; };
		A2907364CD44AA3D996E89EF /* Pods-JoinMe.release.xcconfig */ = {isa = PBXFileReference; includeInIndex = 1; lastKnownFileType = text.xcconfig; name = "Pods-JoinMe.release.xcconfig"; path = "Target Support Files/Pods-JoinMe/Pods-JoinMe.release.xcconfig"; sourceTree = "<group>"; };
		B82AA1E05825AA33CE4DD47C /* Pods_JoinMe.framework */ = {isa = PBXFileReference; explicitFileType = wrapper.framework; includeInIndex = 0; path = Pods_JoinMe.framework; sourceTree = BUILT_PRODUCTS_DIR; };
/* End PBXFileReference section */

/* Begin PBXFrameworksBuildPhase section */
		4FADA60228C4BB2F00B17FC4 /* Frameworks */ = {
			isa = PBXFrameworksBuildPhase;
			buildActionMask = 2147483647;
			files = (
				EB2079FA2D419041ABCECA52 /* Pods_JoinMe.framework in Frameworks */,
			);
			runOnlyForDeploymentPostprocessing = 0;
		};
/* End PBXFrameworksBuildPhase section */

/* Begin PBXGroup section */
		3C97B04A90ECF2B44D164E15 /* Frameworks */ = {
			isa = PBXGroup;
			children = (
				B82AA1E05825AA33CE4DD47C /* Pods_JoinMe.framework */,
			);
			name = Frameworks;
			sourceTree = "<group>";
		};
		4FADA5FC28C4BB2E00B17FC4 = {
			isa = PBXGroup;
			children = (
				4FB5416028CE277F00F4D143 /* Service */,
				4FADA60728C4BB2F00B17FC4 /* JoinMe */,
				4FADA60628C4BB2F00B17FC4 /* Products */,
				521E0BB5C8DC5FC98D3C9929 /* Pods */,
				3C97B04A90ECF2B44D164E15 /* Frameworks */,
			);
			sourceTree = "<group>";
		};
		4FADA60628C4BB2F00B17FC4 /* Products */ = {
			isa = PBXGroup;
			children = (
				4FADA60528C4BB2F00B17FC4 /* JoinMe.app */,
			);
			name = Products;
			sourceTree = "<group>";
		};
		4FADA60728C4BB2F00B17FC4 /* JoinMe */ = {
			isa = PBXGroup;
			children = (
				4FADA60828C4BB2F00B17FC4 /* AppDelegate.swift */,
				4FADA60A28C4BB2F00B17FC4 /* SceneDelegate.swift */,
				4FADA61C28C4BC9D00B17FC4 /* Auth */,
				4FADA61D28C4BCAB00B17FC4 /* Messanger */,
				4FADA61E28C4BCCE00B17FC4 /* UICustom */,
				4FADA61F28C4BD0500B17FC4 /* Extensions */,
				4FADA61128C4BB2F00B17FC4 /* Assets.xcassets */,
				4FADA61328C4BB2F00B17FC4 /* LaunchScreen.storyboard */,
				4FADA61628C4BB2F00B17FC4 /* Info.plist */,
				4FB5416628CE35C400F4D143 /* GoogleService-Info.plist */,
			);
			path = JoinMe;
			sourceTree = "<group>";
		};
		4FADA61C28C4BC9D00B17FC4 /* Auth */ = {
			isa = PBXGroup;
			children = (
				4FADA60C28C4BB2F00B17FC4 /* AuthViewController.swift */,
				4F58DFA628C5563F0066A255 /* RegistrationViewController.swift */,
				4F5B9EF528CB72BE00E37452 /* UserInfoViewController.swift */,
				4F9FFBDD28C6236A00A3C98B /* SingInViewController.swift */,
			);
			path = Auth;
			sourceTree = "<group>";
		};
		4FADA61D28C4BCAB00B17FC4 /* Messanger */ = {
			isa = PBXGroup;
			children = (
				4F42A31F28C7C7E500B6C482 /* TabBarViewController.swift */,
				4F42A32128C7C7FC00B6C482 /* ListViewController.swift */,
				4F42A32328C7C80900B6C482 /* UsersViewController.swift */,
				4F42A32528C7DF2C00B6C482 /* SettingsViewController.swift */,
			);
			path = Messanger;
			sourceTree = "<group>";
		};
		4FADA61E28C4BCCE00B17FC4 /* UICustom */ = {
			isa = PBXGroup;
			children = (
				4FADA62028C4BEE600B17FC4 /* UILabel + Extension.swift */,
				4FADA62428C4BF3600B17FC4 /* UIFont + Extension.swift */,
				4FADA62628C4BFA800B17FC4 /* UIButton + Extension.swift */,
				4FADA62828C4C2CC00B17FC4 /* UIStackView + Extensions.swift */,
				4FADA62A28C4C3DC00B17FC4 /* UIImageView + Extension.swift */,
				4FADA62C28C4C44400B17FC4 /* UISegmentedControl + Extension.swift */,
				4F5B9EF728CB9F1A00E37452 /* UIColor + Extension.swift */,
			);
			path = UICustom;
			sourceTree = "<group>";
		};
		4FADA61F28C4BD0500B17FC4 /* Extensions */ = {
			isa = PBXGroup;
			children = (
				4F58DFA028C547330066A255 /* ButtonView.swift */,
				4F58DFA228C548020066A255 /* OneTextFieldView.swift */,
				4F58DFA428C5481D0066A255 /* AddPhotoView.swift */,
				4FC764DD28D35E760049E30E /* UIAlert.swift */,
			);
			path = Extensions;
			sourceTree = "<group>";
		};
		4FB5416028CE277F00F4D143 /* Service */ = {
			isa = PBXGroup;
			children = (
				4FB5416128CE279200F4D143 /* AuthService.swift */,
			);
			path = Service;
			sourceTree = "<group>";
		};
		521E0BB5C8DC5FC98D3C9929 /* Pods */ = {
			isa = PBXGroup;
			children = (
				196982402482994544BA6E49 /* Pods-JoinMe.debug.xcconfig */,
				A2907364CD44AA3D996E89EF /* Pods-JoinMe.release.xcconfig */,
			);
			path = Pods;
			sourceTree = "<group>";
		};
/* End PBXGroup section */

/* Begin PBXNativeTarget section */
		4FADA60428C4BB2F00B17FC4 /* JoinMe */ = {
			isa = PBXNativeTarget;
			buildConfigurationList = 4FADA61928C4BB2F00B17FC4 /* Build configuration list for PBXNativeTarget "JoinMe" */;
			buildPhases = (
				1B37443DBBA10C353327F599 /* [CP] Check Pods Manifest.lock */,
				4FADA60128C4BB2F00B17FC4 /* Sources */,
				4FADA60228C4BB2F00B17FC4 /* Frameworks */,
				4FADA60328C4BB2F00B17FC4 /* Resources */,
				022E404890CDADD6020E6315 /* [CP] Embed Pods Frameworks */,
			);
			buildRules = (
			);
			dependencies = (
			);
			name = JoinMe;
			packageProductDependencies = (
			);
			productName = "Alien Messanger";
			productReference = 4FADA60528C4BB2F00B17FC4 /* JoinMe.app */;
			productType = "com.apple.product-type.application";
		};
/* End PBXNativeTarget section */

/* Begin PBXProject section */
		4FADA5FD28C4BB2E00B17FC4 /* Project object */ = {
			isa = PBXProject;
			attributes = {
				BuildIndependentTargetsInParallel = 1;
				LastSwiftUpdateCheck = 1340;
				LastUpgradeCheck = 1340;
				TargetAttributes = {
					4FADA60428C4BB2F00B17FC4 = {
						CreatedOnToolsVersion = 13.4.1;
					};
				};
			};
			buildConfigurationList = 4FADA60028C4BB2E00B17FC4 /* Build configuration list for PBXProject "JoinMe" */;
			compatibilityVersion = "Xcode 13.0";
			developmentRegion = en;
			hasScannedForEncodings = 0;
			knownRegions = (
				en,
				Base,
			);
			mainGroup = 4FADA5FC28C4BB2E00B17FC4;
			packageReferences = (
			);
			productRefGroup = 4FADA60628C4BB2F00B17FC4 /* Products */;
			projectDirPath = "";
			projectRoot = "";
			targets = (
				4FADA60428C4BB2F00B17FC4 /* JoinMe */,
			);
		};
/* End PBXProject section */

/* Begin PBXResourcesBuildPhase section */
		4FADA60328C4BB2F00B17FC4 /* Resources */ = {
			isa = PBXResourcesBuildPhase;
			buildActionMask = 2147483647;
			files = (
				4FADA61528C4BB2F00B17FC4 /* LaunchScreen.storyboard in Resources */,
				4FADA61228C4BB2F00B17FC4 /* Assets.xcassets in Resources */,
				4FB5416728CE35C400F4D143 /* GoogleService-Info.plist in Resources */,
			);
			runOnlyForDeploymentPostprocessing = 0;
		};
/* End PBXResourcesBuildPhase section */

/* Begin PBXShellScriptBuildPhase section */
		022E404890CDADD6020E6315 /* [CP] Embed Pods Frameworks */ = {
			isa = PBXShellScriptBuildPhase;
			buildActionMask = 2147483647;
			files = (
			);
			inputFileListPaths = (
				"${PODS_ROOT}/Target Support Files/Pods-JoinMe/Pods-JoinMe-frameworks-${CONFIGURATION}-input-files.xcfilelist",
			);
			name = "[CP] Embed Pods Frameworks";
			outputFileListPaths = (
				"${PODS_ROOT}/Target Support Files/Pods-JoinMe/Pods-JoinMe-frameworks-${CONFIGURATION}-output-files.xcfilelist",
			);
			runOnlyForDeploymentPostprocessing = 0;
			shellPath = /bin/sh;
			shellScript = "\"${PODS_ROOT}/Target Support Files/Pods-JoinMe/Pods-JoinMe-frameworks.sh\"\n";
			showEnvVarsInLog = 0;
		};
		1B37443DBBA10C353327F599 /* [CP] Check Pods Manifest.lock */ = {
			isa = PBXShellScriptBuildPhase;
			buildActionMask = 2147483647;
			files = (
			);
			inputFileListPaths = (
			);
			inputPaths = (
				"${PODS_PODFILE_DIR_PATH}/Podfile.lock",
				"${PODS_ROOT}/Manifest.lock",
			);
			name = "[CP] Check Pods Manifest.lock";
			outputFileListPaths = (
			);
			outputPaths = (
				"$(DERIVED_FILE_DIR)/Pods-JoinMe-checkManifestLockResult.txt",
			);
			runOnlyForDeploymentPostprocessing = 0;
			shellPath = /bin/sh;
			shellScript = "diff \"${PODS_PODFILE_DIR_PATH}/Podfile.lock\" \"${PODS_ROOT}/Manifest.lock\" > /dev/null\nif [ $? != 0 ] ; then\n    # print error to STDERR\n    echo \"error: The sandbox is not in sync with the Podfile.lock. Run 'pod install' or update your CocoaPods installation.\" >&2\n    exit 1\nfi\n# This output is used by Xcode 'outputs' to avoid re-running this script phase.\necho \"SUCCESS\" > \"${SCRIPT_OUTPUT_FILE_0}\"\n";
			showEnvVarsInLog = 0;
		};
/* End PBXShellScriptBuildPhase section */

/* Begin PBXSourcesBuildPhase section */
		4FADA60128C4BB2F00B17FC4 /* Sources */ = {
			isa = PBXSourcesBuildPhase;
			buildActionMask = 2147483647;
			files = (
				4F9FFBDE28C6236A00A3C98B /* SingInViewController.swift in Sources */,
				4FADA62528C4BF3600B17FC4 /* UIFont + Extension.swift in Sources */,
				4FC764DE28D35E760049E30E /* UIAlert.swift in Sources */,
				4F42A32228C7C7FC00B6C482 /* ListViewController.swift in Sources */,
				4FADA60D28C4BB2F00B17FC4 /* AuthViewController.swift in Sources */,
				4F58DFA128C547330066A255 /* ButtonView.swift in Sources */,
				4FADA62928C4C2CC00B17FC4 /* UIStackView + Extensions.swift in Sources */,
				4FB5416228CE279200F4D143 /* AuthService.swift in Sources */,
				4F58DFA728C5563F0066A255 /* RegistrationViewController.swift in Sources */,
				4F5B9EF628CB72BE00E37452 /* UserInfoViewController.swift in Sources */,
				4FADA62D28C4C44400B17FC4 /* UISegmentedControl + Extension.swift in Sources */,
				4F5B9EF828CB9F1A00E37452 /* UIColor + Extension.swift in Sources */,
				4FADA60928C4BB2F00B17FC4 /* AppDelegate.swift in Sources */,
				4FADA62B28C4C3DC00B17FC4 /* UIImageView + Extension.swift in Sources */,
				4F58DFA528C5481D0066A255 /* AddPhotoView.swift in Sources */,
				4F42A32428C7C80900B6C482 /* UsersViewController.swift in Sources */,
				4FADA62128C4BEE600B17FC4 /* UILabel + Extension.swift in Sources */,
				4F58DFA328C548020066A255 /* OneTextFieldView.swift in Sources */,
				4FADA60B28C4BB2F00B17FC4 /* SceneDelegate.swift in Sources */,
				4F42A32028C7C7E500B6C482 /* TabBarViewController.swift in Sources */,
				4FADA62728C4BFA800B17FC4 /* UIButton + Extension.swift in Sources */,
				4F42A32628C7DF2C00B6C482 /* SettingsViewController.swift in Sources */,
			);
			runOnlyForDeploymentPostprocessing = 0;
		};
/* End PBXSourcesBuildPhase section */

/* Begin PBXVariantGroup section */
		4FADA61328C4BB2F00B17FC4 /* LaunchScreen.storyboard */ = {
			isa = PBXVariantGroup;
			children = (
				4FADA61428C4BB2F00B17FC4 /* Base */,
			);
			name = LaunchScreen.storyboard;
			sourceTree = "<group>";
		};
/* End PBXVariantGroup section */

/* Begin XCBuildConfiguration section */
		4FADA61728C4BB2F00B17FC4 /* Debug */ = {
			isa = XCBuildConfiguration;
			buildSettings = {
				ALWAYS_SEARCH_USER_PATHS = NO;
				CLANG_ANALYZER_NONNULL = YES;
				CLANG_ANALYZER_NUMBER_OBJECT_CONVERSION = YES_AGGRESSIVE;
				CLANG_CXX_LANGUAGE_STANDARD = "gnu++17";
				CLANG_ENABLE_MODULES = YES;
				CLANG_ENABLE_OBJC_ARC = YES;
				CLANG_ENABLE_OBJC_WEAK = YES;
				CLANG_WARN_BLOCK_CAPTURE_AUTORELEASING = YES;
				CLANG_WARN_BOOL_CONVERSION = YES;
				CLANG_WARN_COMMA = YES;
				CLANG_WARN_CONSTANT_CONVERSION = YES;
				CLANG_WARN_DEPRECATED_OBJC_IMPLEMENTATIONS = YES;
				CLANG_WARN_DIRECT_OBJC_ISA_USAGE = YES_ERROR;
				CLANG_WARN_DOCUMENTATION_COMMENTS = YES;
				CLANG_WARN_EMPTY_BODY = YES;
				CLANG_WARN_ENUM_CONVERSION = YES;
				CLANG_WARN_INFINITE_RECURSION = YES;
				CLANG_WARN_INT_CONVERSION = YES;
				CLANG_WARN_NON_LITERAL_NULL_CONVERSION = YES;
				CLANG_WARN_OBJC_IMPLICIT_RETAIN_SELF = YES;
				CLANG_WARN_OBJC_LITERAL_CONVERSION = YES;
				CLANG_WARN_OBJC_ROOT_CLASS = YES_ERROR;
				CLANG_WARN_QUOTED_INCLUDE_IN_FRAMEWORK_HEADER = YES;
				CLANG_WARN_RANGE_LOOP_ANALYSIS = YES;
				CLANG_WARN_STRICT_PROTOTYPES = YES;
				CLANG_WARN_SUSPICIOUS_MOVE = YES;
				CLANG_WARN_UNGUARDED_AVAILABILITY = YES_AGGRESSIVE;
				CLANG_WARN_UNREACHABLE_CODE = YES;
				CLANG_WARN__DUPLICATE_METHOD_MATCH = YES;
				COPY_PHASE_STRIP = NO;
				DEBUG_INFORMATION_FORMAT = dwarf;
				ENABLE_STRICT_OBJC_MSGSEND = YES;
				ENABLE_TESTABILITY = YES;
				GCC_C_LANGUAGE_STANDARD = gnu11;
				GCC_DYNAMIC_NO_PIC = NO;
				GCC_NO_COMMON_BLOCKS = YES;
				GCC_OPTIMIZATION_LEVEL = 0;
				GCC_PREPROCESSOR_DEFINITIONS = (
					"DEBUG=1",
					"$(inherited)",
				);
				GCC_WARN_64_TO_32_BIT_CONVERSION = YES;
				GCC_WARN_ABOUT_RETURN_TYPE = YES_ERROR;
				GCC_WARN_UNDECLARED_SELECTOR = YES;
				GCC_WARN_UNINITIALIZED_AUTOS = YES_AGGRESSIVE;
				GCC_WARN_UNUSED_FUNCTION = YES;
				GCC_WARN_UNUSED_VARIABLE = YES;
				IPHONEOS_DEPLOYMENT_TARGET = 15.5;
				MTL_ENABLE_DEBUG_INFO = INCLUDE_SOURCE;
				MTL_FAST_MATH = YES;
				ONLY_ACTIVE_ARCH = YES;
				SDKROOT = iphoneos;
				SWIFT_ACTIVE_COMPILATION_CONDITIONS = DEBUG;
				SWIFT_OPTIMIZATION_LEVEL = "-Onone";
			};
			name = Debug;
		};
		4FADA61828C4BB2F00B17FC4 /* Release */ = {
			isa = XCBuildConfiguration;
			buildSettings = {
				ALWAYS_SEARCH_USER_PATHS = NO;
				CLANG_ANALYZER_NONNULL = YES;
				CLANG_ANALYZER_NUMBER_OBJECT_CONVERSION = YES_AGGRESSIVE;
				CLANG_CXX_LANGUAGE_STANDARD = "gnu++17";
				CLANG_ENABLE_MODULES = YES;
				CLANG_ENABLE_OBJC_ARC = YES;
				CLANG_ENABLE_OBJC_WEAK = YES;
				CLANG_WARN_BLOCK_CAPTURE_AUTORELEASING = YES;
				CLANG_WARN_BOOL_CONVERSION = YES;
				CLANG_WARN_COMMA = YES;
				CLANG_WARN_CONSTANT_CONVERSION = YES;
				CLANG_WARN_DEPRECATED_OBJC_IMPLEMENTATIONS = YES;
				CLANG_WARN_DIRECT_OBJC_ISA_USAGE = YES_ERROR;
				CLANG_WARN_DOCUMENTATION_COMMENTS = YES;
				CLANG_WARN_EMPTY_BODY = YES;
				CLANG_WARN_ENUM_CONVERSION = YES;
				CLANG_WARN_INFINITE_RECURSION = YES;
				CLANG_WARN_INT_CONVERSION = YES;
				CLANG_WARN_NON_LITERAL_NULL_CONVERSION = YES;
				CLANG_WARN_OBJC_IMPLICIT_RETAIN_SELF = YES;
				CLANG_WARN_OBJC_LITERAL_CONVERSION = YES;
				CLANG_WARN_OBJC_ROOT_CLASS = YES_ERROR;
				CLANG_WARN_QUOTED_INCLUDE_IN_FRAMEWORK_HEADER = YES;
				CLANG_WARN_RANGE_LOOP_ANALYSIS = YES;
				CLANG_WARN_STRICT_PROTOTYPES = YES;
				CLANG_WARN_SUSPICIOUS_MOVE = YES;
				CLANG_WARN_UNGUARDED_AVAILABILITY = YES_AGGRESSIVE;
				CLANG_WARN_UNREACHABLE_CODE = YES;
				CLANG_WARN__DUPLICATE_METHOD_MATCH = YES;
				COPY_PHASE_STRIP = NO;
				DEBUG_INFORMATION_FORMAT = "dwarf-with-dsym";
				ENABLE_NS_ASSERTIONS = NO;
				ENABLE_STRICT_OBJC_MSGSEND = YES;
				GCC_C_LANGUAGE_STANDARD = gnu11;
				GCC_NO_COMMON_BLOCKS = YES;
				GCC_WARN_64_TO_32_BIT_CONVERSION = YES;
				GCC_WARN_ABOUT_RETURN_TYPE = YES_ERROR;
				GCC_WARN_UNDECLARED_SELECTOR = YES;
				GCC_WARN_UNINITIALIZED_AUTOS = YES_AGGRESSIVE;
				GCC_WARN_UNUSED_FUNCTION = YES;
				GCC_WARN_UNUSED_VARIABLE = YES;
				IPHONEOS_DEPLOYMENT_TARGET = 15.5;
				MTL_ENABLE_DEBUG_INFO = NO;
				MTL_FAST_MATH = YES;
				SDKROOT = iphoneos;
				SWIFT_COMPILATION_MODE = wholemodule;
				SWIFT_OPTIMIZATION_LEVEL = "-O";
				VALIDATE_PRODUCT = YES;
			};
			name = Release;
		};
		4FADA61A28C4BB2F00B17FC4 /* Debug */ = {
			isa = XCBuildConfiguration;
			baseConfigurationReference = 196982402482994544BA6E49 /* Pods-JoinMe.debug.xcconfig */;
			buildSettings = {
				ASSETCATALOG_COMPILER_APPICON_NAME = AppIcon;
				ASSETCATALOG_COMPILER_GLOBAL_ACCENT_COLOR_NAME = AccentColor;
				CODE_SIGN_STYLE = Automatic;
				CURRENT_PROJECT_VERSION = 1;
				DEVELOPMENT_TEAM = XWQT2AUZQ9;
				GENERATE_INFOPLIST_FILE = YES;
				INFOPLIST_FILE = JoinMe/Info.plist;
				INFOPLIST_KEY_CFBundleDisplayName = JoinMe;
				INFOPLIST_KEY_UIApplicationSupportsIndirectInputEvents = YES;
				INFOPLIST_KEY_UILaunchStoryboardName = LaunchScreen;
				INFOPLIST_KEY_UISupportedInterfaceOrientations_iPad = "UIInterfaceOrientationPortrait UIInterfaceOrientationPortraitUpsideDown UIInterfaceOrientationLandscapeLeft UIInterfaceOrientationLandscapeRight";
				INFOPLIST_KEY_UISupportedInterfaceOrientations_iPhone = "UIInterfaceOrientationPortrait UIInterfaceOrientationLandscapeLeft UIInterfaceOrientationLandscapeRight";
				IPHONEOS_DEPLOYMENT_TARGET = 16.0;
				LD_RUNPATH_SEARCH_PATHS = (
					"$(inherited)",
					"@executable_path/Frameworks",
				);
				MARKETING_VERSION = 1.0;
				PRODUCT_BUNDLE_IDENTIFIER = com.nikitaDykyi.JoinMe;
				PRODUCT_NAME = "$(TARGET_NAME)";
				SUPPORTED_PLATFORMS = "iphoneos iphonesimulator";
				SUPPORTS_MACCATALYST = NO;
				SUPPORTS_MAC_DESIGNED_FOR_IPHONE_IPAD = NO;
				SWIFT_EMIT_LOC_STRINGS = YES;
				SWIFT_VERSION = 5.0;
				TARGETED_DEVICE_FAMILY = 1;
			};
			name = Debug;
		};
		4FADA61B28C4BB2F00B17FC4 /* Release */ = {
			isa = XCBuildConfiguration;
			baseConfigurationReference = A2907364CD44AA3D996E89EF /* Pods-JoinMe.release.xcconfig */;
			buildSettings = {
				ASSETCATALOG_COMPILER_APPICON_NAME = AppIcon;
				ASSETCATALOG_COMPILER_GLOBAL_ACCENT_COLOR_NAME = AccentColor;
				CODE_SIGN_STYLE = Automatic;
				CURRENT_PROJECT_VERSION = 1;
				DEVELOPMENT_TEAM = XWQT2AUZQ9;
				GENERATE_INFOPLIST_FILE = YES;
				INFOPLIST_FILE = JoinMe/Info.plist;
				INFOPLIST_KEY_CFBundleDisplayName = JoinMe;
				INFOPLIST_KEY_UIApplicationSupportsIndirectInputEvents = YES;
				INFOPLIST_KEY_UILaunchStoryboardName = LaunchScreen;
				INFOPLIST_KEY_UISupportedInterfaceOrientations_iPad = "UIInterfaceOrientationPortrait UIInterfaceOrientationPortraitUpsideDown UIInterfaceOrientationLandscapeLeft UIInterfaceOrientationLandscapeRight";
				INFOPLIST_KEY_UISupportedInterfaceOrientations_iPhone = "UIInterfaceOrientationPortrait UIInterfaceOrientationLandscapeLeft UIInterfaceOrientationLandscapeRight";
				IPHONEOS_DEPLOYMENT_TARGET = 16.0;
				LD_RUNPATH_SEARCH_PATHS = (
					"$(inherited)",
					"@executable_path/Frameworks",
				);
				MARKETING_VERSION = 1.0;
				PRODUCT_BUNDLE_IDENTIFIER = com.nikitaDykyi.JoinMe;
				PRODUCT_NAME = "$(TARGET_NAME)";
				SUPPORTED_PLATFORMS = "iphoneos iphonesimulator";
				SUPPORTS_MACCATALYST = NO;
				SUPPORTS_MAC_DESIGNED_FOR_IPHONE_IPAD = NO;
				SWIFT_EMIT_LOC_STRINGS = YES;
				SWIFT_VERSION = 5.0;
				TARGETED_DEVICE_FAMILY = 1;
			};
			name = Release;
		};
/* End XCBuildConfiguration section */

/* Begin XCConfigurationList section */
		4FADA60028C4BB2E00B17FC4 /* Build configuration list for PBXProject "JoinMe" */ = {
			isa = XCConfigurationList;
			buildConfigurations = (
				4FADA61728C4BB2F00B17FC4 /* Debug */,
				4FADA61828C4BB2F00B17FC4 /* Release */,
			);
			defaultConfigurationIsVisible = 0;
			defaultConfigurationName = Release;
		};
		4FADA61928C4BB2F00B17FC4 /* Build configuration list for PBXNativeTarget "JoinMe" */ = {
			isa = XCConfigurationList;
			buildConfigurations = (
				4FADA61A28C4BB2F00B17FC4 /* Debug */,
				4FADA61B28C4BB2F00B17FC4 /* Release */,
			);
			defaultConfigurationIsVisible = 0;
			defaultConfigurationName = Release;
		};
/* End XCConfigurationList section */
	};
	rootObject = 4FADA5FD28C4BB2E00B17FC4 /* Project object */;
}
